
Microsoft Visual Studio Solution File, Format Version 12.00
# Visual Studio Version 18
VisualStudioVersion = 18.0.11018.127 d18.0
MinimumVisualStudioVersion = 10.0.40219.1
Project("{9A19103F-16F7-4668-BE54-9A1E7A4F7556}") = "TableViewerTest", "TableViewerTest\TableViewerTest.csproj", "{318EB6B2-0CDF-4133-A5C1-03939B377893}"
EndProject
Project("{9A19103F-16F7-4668-BE54-9A1E7A4F7556}") = "TableViewerBlazor", "..\src\TableViewerBlazor\TableViewerBlazor.csproj", "{6940E364-7F79-41EC-87CE-A347CEEAD070}"
EndProject
Project("{9A19103F-16F7-4668-BE54-9A1E7A4F7556}") = "UnitTest", "UnitTest\UnitTest.csproj", "{9B21699D-C3B6-4CD5-8F4D-DD552CF496EC}"
EndProject
Global
	GlobalSection(SolutionConfigurationPlatforms) = preSolution
		Debug|Any CPU = Debug|Any CPU
		Release|Any CPU = Release|Any CPU
	EndGlobalSection
	GlobalSection(ProjectConfigurationPlatforms) = postSolution
		{318EB6B2-0CDF-4133-A5C1-03939B377893}.Debug|Any CPU.ActiveCfg = Debug|Any CPU
		{318EB6B2-0CDF-4133-A5C1-03939B377893}.Debug|Any CPU.Build.0 = Debug|Any CPU
		{318EB6B2-0CDF-4133-A5C1-03939B377893}.Release|Any CPU.ActiveCfg = Release|Any CPU
		{318EB6B2-0CDF-4133-A5C1-03939B377893}.Release|Any CPU.Build.0 = Release|Any CPU
		{6940E364-7F79-41EC-87CE-A347CEEAD070}.Debug|Any CPU.ActiveCfg = Debug|Any CPU
		{6940E364-7F79-41EC-87CE-A347CEEAD070}.Debug|Any CPU.Build.0 = Debug|Any CPU
		{6940E364-7F79-41EC-87CE-A347CEEAD070}.Release|Any CPU.ActiveCfg = Release|Any CPU
		{6940E364-7F79-41EC-87CE-A347CEEAD070}.Release|Any CPU.Build.0 = Release|Any CPU
		{9B21699D-C3B6-4CD5-8F4D-DD552CF496EC}.Debug|Any CPU.ActiveCfg = Debug|Any CPU
		{9B21699D-C3B6-4CD5-8F4D-DD552CF496EC}.Debug|Any CPU.Build.0 = Debug|Any CPU
		{9B21699D-C3B6-4CD5-8F4D-DD552CF496EC}.Release|Any CPU.ActiveCfg = Release|Any CPU
		{9B21699D-C3B6-4CD5-8F4D-DD552CF496EC}.Release|Any CPU.Build.0 = Release|Any CPU
	EndGlobalSection
	GlobalSection(SolutionProperties) = preSolution
		HideSolutionNode = FALSE
	EndGlobalSection
	GlobalSection(ExtensibilityGlobals) = postSolution
		SolutionGuid = {E78CFC44-D768-4EC4-918C-B83815601545}
	EndGlobalSection
EndGlobal
